
Microsoft Visual Studio Solution File, Format Version 12.00
# Visual Studio 15
VisualStudioVersion = 15.0.28307.329
MinimumVisualStudioVersion = 10.0.40219.1
Project("{FAE04EC0-301F-11D3-BF4B-00C04F79EFBC}") = "Task4", "Task4\Task4.csproj", "{210ABE25-F2A8-4631-8227-68EACCDF37B1}"
EndProject
Global
	GlobalSection(SolutionConfigurationPlatforms) = preSolution
		Debug|Any CPU = Debug|Any CPU
		Release|Any CPU = Release|Any CPU
	EndGlobalSection
	GlobalSection(ProjectConfigurationPlatforms) = postSolution
		{210ABE25-F2A8-4631-8227-68EACCDF37B1}.Debug|Any CPU.ActiveCfg = Debug|Any CPU
		{210ABE25-F2A8-4631-8227-68EACCDF37B1}.Debug|Any CPU.Build.0 = Debug|Any CPU
		{210ABE25-F2A8-4631-8227-68EACCDF37B1}.Release|Any CPU.ActiveCfg = Release|Any CPU
		{210ABE25-F2A8-4631-8227-68EACCDF37B1}.Release|Any CPU.Build.0 = Release|Any CPU
	EndGlobalSection
	GlobalSection(SolutionProperties) = preSolution
		HideSolutionNode = FALSE
	EndGlobalSection
	GlobalSection(ExtensibilityGlobals) = postSolution
		SolutionGuid = {B19C7E3F-4EDC-4FC5-88AC-A8D4026611D6}
	EndGlobalSection
EndGlobal
